
Microsoft Visual Studio Solution File, Format Version 12.00
# Visual Studio Version 17
VisualStudioVersion = 17.3.32929.385
MinimumVisualStudioVersion = 10.0.40219.1
Project("{FAE04EC0-301F-11D3-BF4B-00C04F79EFBC}") = "ConsoleAppVoiture", "ConsoleAppVoiture\ConsoleAppVoiture.csproj", "{BB265F88-058D-4652-B3AA-F85584712034}"
EndProject
Project("{FAE04EC0-301F-11D3-BF4B-00C04F79EFBC}") = "CL_Voiture", "CL_Voiture\CL_Voiture.csproj", "{55ADE4D4-93EE-45E9-ACA1-A7FF015DDAC0}"
EndProject
Global
	GlobalSection(SolutionConfigurationPlatforms) = preSolution
		Debug|Any CPU = Debug|Any CPU
		Release|Any CPU = Release|Any CPU
	EndGlobalSection
	GlobalSection(ProjectConfigurationPlatforms) = postSolution
		{BB265F88-058D-4652-B3AA-F85584712034}.Debug|Any CPU.ActiveCfg = Debug|Any CPU
		{BB265F88-058D-4652-B3AA-F85584712034}.Debug|Any CPU.Build.0 = Debug|Any CPU
		{BB265F88-058D-4652-B3AA-F85584712034}.Release|Any CPU.ActiveCfg = Release|Any CPU
		{BB265F88-058D-4652-B3AA-F85584712034}.Release|Any CPU.Build.0 = Release|Any CPU
		{55ADE4D4-93EE-45E9-ACA1-A7FF015DDAC0}.Debug|Any CPU.ActiveCfg = Debug|Any CPU
		{55ADE4D4-93EE-45E9-ACA1-A7FF015DDAC0}.Debug|Any CPU.Build.0 = Debug|Any CPU
		{55ADE4D4-93EE-45E9-ACA1-A7FF015DDAC0}.Release|Any CPU.ActiveCfg = Release|Any CPU
		{55ADE4D4-93EE-45E9-ACA1-A7FF015DDAC0}.Release|Any CPU.Build.0 = Release|Any CPU
	EndGlobalSection
	GlobalSection(SolutionProperties) = preSolution
		HideSolutionNode = FALSE
	EndGlobalSection
	GlobalSection(ExtensibilityGlobals) = postSolution
		SolutionGuid = {6B4FFEE1-70E8-408C-BB21-12463C2658D6}
	EndGlobalSection
EndGlobal
