
Microsoft Visual Studio Solution File, Format Version 12.00
# Visual Studio Version 17
VisualStudioVersion = 17.3.32929.385
MinimumVisualStudioVersion = 10.0.40219.1
Project("{9A19103F-16F7-4668-BE54-9A1E7A4F7556}") = "ProjetBouteille", "..\ProjetBouteille\ProjetBouteille.csproj", "{B101680E-1CEF-4A63-A75E-AB3AAE6A24CD}"
EndProject
Project("{9A19103F-16F7-4668-BE54-9A1E7A4F7556}") = "CL_Bouteille", "..\CL_Bouteille\CL_Bouteille.csproj", "{E6E84688-4F4D-4B42-A4F8-5258E7124CB9}"
EndProject
Project("{FAE04EC0-301F-11D3-BF4B-00C04F79EFBC}") = "TestProjectBouteille", "TestProjectBouteille\TestProjectBouteille.csproj", "{71EACCFE-68DD-4435-B8C1-A53E3E26DC74}"
EndProject
Global
	GlobalSection(SolutionConfigurationPlatforms) = preSolution
		Debug|Any CPU = Debug|Any CPU
		Release|Any CPU = Release|Any CPU
	EndGlobalSection
	GlobalSection(ProjectConfigurationPlatforms) = postSolution
		{B101680E-1CEF-4A63-A75E-AB3AAE6A24CD}.Debug|Any CPU.ActiveCfg = Debug|Any CPU
		{B101680E-1CEF-4A63-A75E-AB3AAE6A24CD}.Debug|Any CPU.Build.0 = Debug|Any CPU
		{B101680E-1CEF-4A63-A75E-AB3AAE6A24CD}.Release|Any CPU.ActiveCfg = Release|Any CPU
		{B101680E-1CEF-4A63-A75E-AB3AAE6A24CD}.Release|Any CPU.Build.0 = Release|Any CPU
		{E6E84688-4F4D-4B42-A4F8-5258E7124CB9}.Debug|Any CPU.ActiveCfg = Debug|Any CPU
		{E6E84688-4F4D-4B42-A4F8-5258E7124CB9}.Debug|Any CPU.Build.0 = Debug|Any CPU
		{E6E84688-4F4D-4B42-A4F8-5258E7124CB9}.Release|Any CPU.ActiveCfg = Release|Any CPU
		{E6E84688-4F4D-4B42-A4F8-5258E7124CB9}.Release|Any CPU.Build.0 = Release|Any CPU
		{71EACCFE-68DD-4435-B8C1-A53E3E26DC74}.Debug|Any CPU.ActiveCfg = Debug|Any CPU
		{71EACCFE-68DD-4435-B8C1-A53E3E26DC74}.Debug|Any CPU.Build.0 = Debug|Any CPU
		{71EACCFE-68DD-4435-B8C1-A53E3E26DC74}.Release|Any CPU.ActiveCfg = Release|Any CPU
		{71EACCFE-68DD-4435-B8C1-A53E3E26DC74}.Release|Any CPU.Build.0 = Release|Any CPU
	EndGlobalSection
	GlobalSection(SolutionProperties) = preSolution
		HideSolutionNode = FALSE
	EndGlobalSection
	GlobalSection(ExtensibilityGlobals) = postSolution
		SolutionGuid = {011D8ADF-F367-4F69-8D3D-9372A518C620}
	EndGlobalSection
EndGlobal
