
Microsoft Visual Studio Solution File, Format Version 12.00
# Visual Studio Version 17
VisualStudioVersion = 17.3.32929.385
MinimumVisualStudioVersion = 10.0.40219.1
Project("{FAE04EC0-301F-11D3-BF4B-00C04F79EFBC}") = "CL_Fraction", "CL_Fraction\CL_Fraction.csproj", "{74BFAC02-E9C0-4BBF-9828-15B044FF9CFC}"
EndProject
Global
	GlobalSection(SolutionConfigurationPlatforms) = preSolution
		Debug|Any CPU = Debug|Any CPU
		Release|Any CPU = Release|Any CPU
	EndGlobalSection
	GlobalSection(ProjectConfigurationPlatforms) = postSolution
		{74BFAC02-E9C0-4BBF-9828-15B044FF9CFC}.Debug|Any CPU.ActiveCfg = Debug|Any CPU
		{74BFAC02-E9C0-4BBF-9828-15B044FF9CFC}.Debug|Any CPU.Build.0 = Debug|Any CPU
		{74BFAC02-E9C0-4BBF-9828-15B044FF9CFC}.Release|Any CPU.ActiveCfg = Release|Any CPU
		{74BFAC02-E9C0-4BBF-9828-15B044FF9CFC}.Release|Any CPU.Build.0 = Release|Any CPU
	EndGlobalSection
	GlobalSection(SolutionProperties) = preSolution
		HideSolutionNode = FALSE
	EndGlobalSection
	GlobalSection(ExtensibilityGlobals) = postSolution
		SolutionGuid = {83F8E47C-8695-4530-B557-4EBEBA4DC70F}
	EndGlobalSection
EndGlobal
