
Microsoft Visual Studio Solution File, Format Version 12.00
# Visual Studio Version 17
VisualStudioVersion = 17.3.32929.385
MinimumVisualStudioVersion = 10.0.40219.1
Project("{9A19103F-16F7-4668-BE54-9A1E7A4F7556}") = "ConsoleLepidoptere", "ConsoleLepidoptere.csproj", "{7F60FC0F-E851-41C1-B85A-FB55EAE07461}"
EndProject
Project("{9A19103F-16F7-4668-BE54-9A1E7A4F7556}") = "CL_Lepidoptere", "..\CL_Lepidoptere\CL_Lepidoptere.csproj", "{C8CD4D3E-6A42-4A11-906D-764DFB24419E}"
EndProject
Global
	GlobalSection(SolutionConfigurationPlatforms) = preSolution
		Debug|Any CPU = Debug|Any CPU
		Release|Any CPU = Release|Any CPU
	EndGlobalSection
	GlobalSection(ProjectConfigurationPlatforms) = postSolution
		{7F60FC0F-E851-41C1-B85A-FB55EAE07461}.Debug|Any CPU.ActiveCfg = Debug|Any CPU
		{7F60FC0F-E851-41C1-B85A-FB55EAE07461}.Debug|Any CPU.Build.0 = Debug|Any CPU
		{7F60FC0F-E851-41C1-B85A-FB55EAE07461}.Release|Any CPU.ActiveCfg = Release|Any CPU
		{7F60FC0F-E851-41C1-B85A-FB55EAE07461}.Release|Any CPU.Build.0 = Release|Any CPU
		{C8CD4D3E-6A42-4A11-906D-764DFB24419E}.Debug|Any CPU.ActiveCfg = Debug|Any CPU
		{C8CD4D3E-6A42-4A11-906D-764DFB24419E}.Debug|Any CPU.Build.0 = Debug|Any CPU
		{C8CD4D3E-6A42-4A11-906D-764DFB24419E}.Release|Any CPU.ActiveCfg = Release|Any CPU
		{C8CD4D3E-6A42-4A11-906D-764DFB24419E}.Release|Any CPU.Build.0 = Release|Any CPU
	EndGlobalSection
	GlobalSection(SolutionProperties) = preSolution
		HideSolutionNode = FALSE
	EndGlobalSection
	GlobalSection(ExtensibilityGlobals) = postSolution
		SolutionGuid = {72E4BE89-2D69-4402-AAA9-DDD04F9E499C}
	EndGlobalSection
EndGlobal
